
Microsoft Visual Studio Solution File, Format Version 12.00
# Visual Studio Version 17
VisualStudioVersion = 17.3.32922.545
MinimumVisualStudioVersion = 10.0.40219.1
Project("{FAE04EC0-301F-11D3-BF4B-00C04F79EFBC}") = "project-arcade", "project-arcade.csproj", "{38A8F559-2B73-4981-9DE6-63F02B2978DB}"
EndProject
Global
	GlobalSection(SolutionConfigurationPlatforms) = preSolution
		Debug|Any CPU = Debug|Any CPU
		Release|Any CPU = Release|Any CPU
	EndGlobalSection
	GlobalSection(ProjectConfigurationPlatforms) = postSolution
		{38A8F559-2B73-4981-9DE6-63F02B2978DB}.Debug|Any CPU.ActiveCfg = Debug|Any CPU
		{38A8F559-2B73-4981-9DE6-63F02B2978DB}.Debug|Any CPU.Build.0 = Debug|Any CPU
		{38A8F559-2B73-4981-9DE6-63F02B2978DB}.Release|Any CPU.ActiveCfg = Release|Any CPU
		{38A8F559-2B73-4981-9DE6-63F02B2978DB}.Release|Any CPU.Build.0 = Release|Any CPU
	EndGlobalSection
	GlobalSection(SolutionProperties) = preSolution
		HideSolutionNode = FALSE
	EndGlobalSection
	GlobalSection(ExtensibilityGlobals) = postSolution
		SolutionGuid = {98ED0B67-1F15-4950-BF5F-19D235D49A89}
	EndGlobalSection
EndGlobal
